// !$*UTF8*$!
{
	archiveVersion = 1;
	classes = {
	};
	objectVersion = 46;
	objects = {

/* Begin PBXBuildFile section */
		7978413C19B4041E001EA360 /* AppDelegate.swift in Sources */ = {isa = PBXBuildFile; fileRef = 7978413B19B4041E001EA360 /* AppDelegate.swift */; };
		7978413E19B4041E001EA360 /* ViewController.swift in Sources */ = {isa = PBXBuildFile; fileRef = 7978413D19B4041E001EA360 /* ViewController.swift */; };
		7978414119B4041E001EA360 /* Main.storyboard in Resources */ = {isa = PBXBuildFile; fileRef = 7978413F19B4041E001EA360 /* Main.storyboard */; };
		7978414319B4041E001EA360 /* Images.xcassets in Resources */ = {isa = PBXBuildFile; fileRef = 7978414219B4041E001EA360 /* Images.xcassets */; };
		7978414F19B4041E001EA360 /* tipsTests.swift in Sources */ = {isa = PBXBuildFile; fileRef = 7978414E19B4041E001EA360 /* tipsTests.swift */; };
/* End PBXBuildFile section */

/* Begin PBXContainerItemProxy section */
		7978414919B4041E001EA360 /* PBXContainerItemProxy */ = {
			isa = PBXContainerItemProxy;
			containerPortal = 7978412E19B4041E001EA360 /* Project object */;
			proxyType = 1;
			remoteGlobalIDString = 7978413519B4041E001EA360;
			remoteInfo = tips;
		};
/* End PBXContainerItemProxy section */

/* Begin PBXFileReference section */
		7978413619B4041E001EA360 /* tips.app */ = {isa = PBXFileReference; explicitFileType = wrapper.application; includeInIndex = 0; path = tips.app; sourceTree = BUILT_PRODUCTS_DIR; };
		7978413A19B4041E001EA360 /* Info.plist */ = {isa = PBXFileReference; lastKnownFileType = text.plist.xml; path = Info.plist; sourceTree = "<group>"; };
		7978413B19B4041E001EA360 /* AppDelegate.swift */ = {isa = PBXFileReference; lastKnownFileType = sourcecode.swift; path = AppDelegate.swift; sourceTree = "<group>"; };
		7978413D19B4041E001EA360 /* ViewController.swift */ = {isa = PBXFileReference; lastKnownFileType = sourcecode.swift; path = ViewController.swift; sourceTree = "<group>"; };
		7978414019B4041E001EA360 /* Base */ = {isa = PBXFileReference; lastKnownFileType = file.storyboard; name = Base; path = Base.lproj/Main.storyboard; sourceTree = "<group>"; };
		7978414219B4041E001EA360 /* Images.xcassets */ = {isa = PBXFileReference; lastKnownFileType = folder.assetcatalog; path = Images.xcassets; sourceTree = "<group>"; };
		7978414819B4041E001EA360 /* tipsTests.xctest */ = {isa = PBXFileReference; explicitFileType = wrapper.cfbundle; includeInIndex = 0; path = tipsTests.xctest; sourceTree = BUILT_PRODUCTS_DIR; };
		7978414D19B4041E001EA360 /* Info.plist */ = {isa = PBXFileReference; lastKnownFileType = text.plist.xml; path = Info.plist; sourceTree = "<group>"; };
		7978414E19B4041E001EA360 /* tipsTests.swift */ = {isa = PBXFileReference; lastKnownFileType = sourcecode.swift; path = tipsTests.swift; sourceTree = "<group>"; };
/* End PBXFileReference section */

/* Begin PBXFrameworksBuildPhase section */
		7978413319B4041E001EA360 /* Frameworks */ = {
			isa = PBXFrameworksBuildPhase;
			buildActionMask = 2147483647;
			files = (
			);
			runOnlyForDeploymentPostprocessing = 0;
		};
		7978414519B4041E001EA360 /* Frameworks */ = {
			isa = PBXFrameworksBuildPhase;
			buildActionMask = 2147483647;
			files = (
			);
			runOnlyForDeploymentPostprocessing = 0;
		};
/* End PBXFrameworksBuildPhase section */

/* Begin PBXGroup section */
		7978412D19B4041E001EA360 = {
			isa = PBXGroup;
			children = (
				7978413819B4041E001EA360 /* tips */,
				7978414B19B4041E001EA360 /* tipsTests */,
				7978413719B4041E001EA360 /* Products */,
			);
			sourceTree = "<group>";
		};
		7978413719B4041E001EA360 /* Products */ = {
			isa = PBXGroup;
			children = (
				7978413619B4041E001EA360 /* tips.app */,
				7978414819B4041E001EA360 /* tipsTests.xctest */,
			);
			name = Products;
			sourceTree = "<group>";
		};
		7978413819B4041E001EA360 /* tips */ = {
			isa = PBXGroup;
			children = (
				7978413B19B4041E001EA360 /* AppDelegate.swift */,
				7978413D19B4041E001EA360 /* ViewController.swift */,
				7978413F19B4041E001EA360 /* Main.storyboard */,
				7978414219B4041E001EA360 /* Images.xcassets */,
				7978413919B4041E001EA360 /* Supporting Files */,
			);
			path = tips;
			sourceTree = "<group>";
		};
		7978413919B4041E001EA360 /* Supporting Files */ = {
			isa = PBXGroup;
			children = (
				7978413A19B4041E001EA360 /* Info.plist */,
			);
			name = "Supporting Files";
			sourceTree = "<group>";
		};
		7978414B19B4041E001EA360 /* tipsTests */ = {
			isa = PBXGroup;
			children = (
				7978414E19B4041E001EA360 /* tipsTests.swift */,
				7978414C19B4041E001EA360 /* Supporting Files */,
			);
			path = tipsTests;
			sourceTree = "<group>";
		};
		7978414C19B4041E001EA360 /* Supporting Files */ = {
			isa = PBXGroup;
			children = (
				7978414D19B4041E001EA360 /* Info.plist */,
			);
			name = "Supporting Files";
			sourceTree = "<group>";
		};
/* End PBXGroup section */

/* Begin PBXNativeTarget section */
		7978413519B4041E001EA360 /* tips */ = {
			isa = PBXNativeTarget;
			buildConfigurationList = 7978415219B4041E001EA360 /* Build configuration list for PBXNativeTarget "tips" */;
			buildPhases = (
				7978413219B4041E001EA360 /* Sources */,
				7978413319B4041E001EA360 /* Frameworks */,
				7978413419B4041E001EA360 /* Resources */,
			);
			buildRules = (
			);
			dependencies = (
			);
			name = tips;
			productName = tips;
			productReference = 7978413619B4041E001EA360 /* tips.app */;
			productType = "com.apple.product-type.application";
		};
		7978414719B4041E001EA360 /* tipsTests */ = {
			isa = PBXNativeTarget;
			buildConfigurationList = 7978415519B4041E001EA360 /* Build configuration list for PBXNativeTarget "tipsTests" */;
			buildPhases = (
				7978414419B4041E001EA360 /* Sources */,
				7978414519B4041E001EA360 /* Frameworks */,
				7978414619B4041E001EA360 /* Resources */,
			);
			buildRules = (
			);
			dependencies = (
				7978414A19B4041E001EA360 /* PBXTargetDependency */,
			);
			name = tipsTests;
			productName = tipsTests;
			productReference = 7978414819B4041E001EA360 /* tipsTests.xctest */;
			productType = "com.apple.product-type.bundle.unit-test";
		};
/* End PBXNativeTarget section */

/* Begin PBXProject section */
		7978412E19B4041E001EA360 /* Project object */ = {
			isa = PBXProject;
			attributes = {
				LastUpgradeCheck = 0600;
				ORGANIZATIONNAME = "Myles Larson";
				TargetAttributes = {
					7978413519B4041E001EA360 = {
						CreatedOnToolsVersion = 6.0;
					};
					7978414719B4041E001EA360 = {
						CreatedOnToolsVersion = 6.0;
						TestTargetID = 7978413519B4041E001EA360;
					};
				};
			};
			buildConfigurationList = 7978413119B4041E001EA360 /* Build configuration list for PBXProject "tips" */;
			compatibilityVersion = "Xcode 3.2";
			developmentRegion = English;
			hasScannedForEncodings = 0;
			knownRegions = (
				en,
				Base,
			);
			mainGroup = 7978412D19B4041E001EA360;
			productRefGroup = 7978413719B4041E001EA360 /* Products */;
			projectDirPath = "";
			projectRoot = "";
			targets = (
				7978413519B4041E001EA360 /* tips */,
				7978414719B4041E001EA360 /* tipsTests */,
			);
		};
/* End PBXProject section */

/* Begin PBXResourcesBuildPhase section */
		7978413419B4041E001EA360 /* Resources */ = {
			isa = PBXResourcesBuildPhase;
			buildActionMask = 2147483647;
			files = (
				7978414119B4041E001EA360 /* Main.storyboard in Resources */,
				7978414319B4041E001EA360 /* Images.xcassets in Resources */,
			);
			runOnlyForDeploymentPostprocessing = 0;
		};
		7978414619B4041E001EA360 /* Resources */ = {
			isa = PBXResourcesBuildPhase;
			buildActionMask = 2147483647;
			files = (
			);
			runOnlyForDeploymentPostprocessing = 0;
		};
/* End PBXResourcesBuildPhase section */

/* Begin PBXSourcesBuildPhase section */
		7978413219B4041E001EA360 /* Sources */ = {
			isa = PBXSourcesBuildPhase;
			buildActionMask = 2147483647;
			files = (
				7978413E19B4041E001EA360 /* ViewController.swift in Sources */,
				7978413C19B4041E001EA360 /* AppDelegate.swift in Sources */,
			);
			runOnlyForDeploymentPostprocessing = 0;
		};
		7978414419B4041E001EA360 /* Sources */ = {
			isa = PBXSourcesBuildPhase;
			buildActionMask = 2147483647;
			files = (
				7978414F19B4041E001EA360 /* tipsTests.swift in Sources */,
			);
			runOnlyForDeploymentPostprocessing = 0;
		};
/* End PBXSourcesBuildPhase section */

/* Begin PBXTargetDependency section */
		7978414A19B4041E001EA360 /* PBXTargetDependency */ = {
			isa = PBXTargetDependency;
			target = 7978413519B4041E001EA360 /* tips */;
			targetProxy = 7978414919B4041E001EA360 /* PBXContainerItemProxy */;
		};
/* End PBXTargetDependency section */

/* Begin PBXVariantGroup section */
		7978413F19B4041E001EA360 /* Main.storyboard */ = {
			isa = PBXVariantGroup;
			children = (
				7978414019B4041E001EA360 /* Base */,
			);
			name = Main.storyboard;
			sourceTree = "<group>";
		};
/* End PBXVariantGroup section */

/* Begin XCBuildConfiguration section */
		7978415019B4041E001EA360 /* Debug */ = {
			isa = XCBuildConfiguration;
			buildSettings = {
				ALWAYS_SEARCH_USER_PATHS = NO;
				CLANG_CXX_LANGUAGE_STANDARD = "gnu++0x";
				CLANG_CXX_LIBRARY = "libc++";
				CLANG_ENABLE_MODULES = YES;
				CLANG_ENABLE_OBJC_ARC = YES;
				CLANG_WARN_BOOL_CONVERSION = YES;
				CLANG_WARN_CONSTANT_CONVERSION = YES;
				CLANG_WARN_DIRECT_OBJC_ISA_USAGE = YES_ERROR;
				CLANG_WARN_EMPTY_BODY = YES;
				CLANG_WARN_ENUM_CONVERSION = YES;
				CLANG_WARN_INT_CONVERSION = YES;
				CLANG_WARN_OBJC_ROOT_CLASS = YES_ERROR;
				CLANG_WARN_UNREACHABLE_CODE = YES;
				CLANG_WARN__DUPLICATE_METHOD_MATCH = YES;
				"CODE_SIGN_IDENTITY[sdk=iphoneos*]" = "iPhone Developer";
				COPY_PHASE_STRIP = NO;
				ENABLE_STRICT_OBJC_MSGSEND = YES;
				GCC_C_LANGUAGE_STANDARD = gnu99;
				GCC_DYNAMIC_NO_PIC = NO;
				GCC_OPTIMIZATION_LEVEL = 0;
				GCC_PREPROCESSOR_DEFINITIONS = (
					"DEBUG=1",
					"$(inherited)",
				);
				GCC_SYMBOLS_PRIVATE_EXTERN = NO;
				GCC_WARN_64_TO_32_BIT_CONVERSION = YES;
				GCC_WARN_ABOUT_RETURN_TYPE = YES_ERROR;
				GCC_WARN_UNDECLARED_SELECTOR = YES;
				GCC_WARN_UNINITIALIZED_AUTOS = YES_AGGRESSIVE;
				GCC_WARN_UNUSED_FUNCTION = YES;
				GCC_WARN_UNUSED_VARIABLE = YES;
				IPHONEOS_DEPLOYMENT_TARGET = 8.0;
				MTL_ENABLE_DEBUG_INFO = YES;
				ONLY_ACTIVE_ARCH = YES;
				SDKROOT = iphoneos;
				SWIFT_OPTIMIZATION_LEVEL = "-Onone";
			};
			name = Debug;
		};
		7978415119B4041E001EA360 /* Release */ = {
			isa = XCBuildConfiguration;
			buildSettings = {
				ALWAYS_SEARCH_USER_PATHS = NO;
				CLANG_CXX_LANGUAGE_STANDARD = "gnu++0x";
				CLANG_CXX_LIBRARY = "libc++";
				CLANG_ENABLE_MODULES = YES;
				CLANG_ENABLE_OBJC_ARC = YES;
				CLANG_WARN_BOOL_CONVERSION = YES;
				CLANG_WARN_CONSTANT_CONVERSION = YES;
				CLANG_WARN_DIRECT_OBJC_ISA_USAGE = YES_ERROR;
				CLANG_WARN_EMPTY_BODY = YES;
				CLANG_WARN_ENUM_CONVERSION = YES;
				CLANG_WARN_INT_CONVERSION = YES;
				CLANG_WARN_OBJC_ROOT_CLASS = YES_ERROR;
				CLANG_WARN_UNREACHABLE_CODE = YES;
				CLANG_WARN__DUPLICATE_METHOD_MATCH = YES;
				"CODE_SIGN_IDENTITY[sdk=iphoneos*]" = "iPhone Developer";
				COPY_PHASE_STRIP = YES;
				ENABLE_NS_ASSERTIONS = NO;
				ENABLE_STRICT_OBJC_MSGSEND = YES;
				GCC_C_LANGUAGE_STANDARD = gnu99;
				GCC_WARN_64_TO_32_BIT_CONVERSION = YES;
				GCC_WARN_ABOUT_RETURN_TYPE = YES_ERROR;
				GCC_WARN_UNDECLARED_SELECTOR = YES;
				GCC_WARN_UNINITIALIZED_AUTOS = YES_AGGRESSIVE;
				GCC_WARN_UNUSED_FUNCTION = YES;
				GCC_WARN_UNUSED_VARIABLE = YES;
				IPHONEOS_DEPLOYMENT_TARGET = 8.0;
				MTL_ENABLE_DEBUG_INFO = NO;
				SDKROOT = iphoneos;
				VALIDATE_PRODUCT = YES;
			};
			name = Release;
		};
		7978415319B4041E001EA360 /* Debug */ = {
			isa = XCBuildConfiguration;
			buildSettings = {
				ASSETCATALOG_COMPILER_APPICON_NAME = AppIcon;
				ASSETCATALOG_COMPILER_LAUNCHIMAGE_NAME = LaunchImage;
				INFOPLIST_FILE = tips/Info.plist;
				IPHONEOS_DEPLOYMENT_TARGET = 7.0;
				LD_RUNPATH_SEARCH_PATHS = "$(inherited) @executable_path/Frameworks";
				PRODUCT_NAME = "$(TARGET_NAME)";
			};
			name = Debug;
		};
		7978415419B4041E001EA360 /* Release */ = {
			isa = XCBuildConfiguration;
			buildSettings = {
				ASSETCATALOG_COMPILER_APPICON_NAME = AppIcon;
				ASSETCATALOG_COMPILER_LAUNCHIMAGE_NAME = LaunchImage;
				INFOPLIST_FILE = tips/Info.plist;
				IPHONEOS_DEPLOYMENT_TARGET = 7.0;
				LD_RUNPATH_SEARCH_PATHS = "$(inherited) @executable_path/Frameworks";
				PRODUCT_NAME = "$(TARGET_NAME)";
			};
			name = Release;
		};
		7978415619B4041E001EA360 /* Debug */ = {
			isa = XCBuildConfiguration;
			buildSettings = {
				BUNDLE_LOADER = "$(TEST_HOST)";
				FRAMEWORK_SEARCH_PATHS = (
					"$(SDKROOT)/Developer/Library/Frameworks",
					"$(inherited)",
				);
				GCC_PREPROCESSOR_DEFINITIONS = (
					"DEBUG=1",
					"$(inherited)",
				);
				INFOPLIST_FILE = tipsTests/Info.plist;
				LD_RUNPATH_SEARCH_PATHS = "$(inherited) @executable_path/Frameworks @loader_path/Frameworks";
				PRODUCT_NAME = "$(TARGET_NAME)";
				TEST_HOST = "$(BUILT_PRODUCTS_DIR)/tips.app/tips";
			};
			name = Debug;
		};
		7978415719B4041E001EA360 /* Release */ = {
			isa = XCBuildConfiguration;
			buildSettings = {
				BUNDLE_LOADER = "$(TEST_HOST)";
				FRAMEWORK_SEARCH_PATHS = (
					"$(SDKROOT)/Developer/Library/Frameworks",
					"$(inherited)",
				);
				INFOPLIST_FILE = tipsTests/Info.plist;
				LD_RUNPATH_SEARCH_PATHS = "$(inherited) @executable_path/Frameworks @loader_path/Frameworks";
				PRODUCT_NAME = "$(TARGET_NAME)";
				TEST_HOST = "$(BUILT_PRODUCTS_DIR)/tips.app/tips";
			};
			name = Release;
		};
/* End XCBuildConfiguration section */

/* Begin XCConfigurationList section */
		7978413119B4041E001EA360 /* Build configuration list for PBXProject "tips" */ = {
			isa = XCConfigurationList;
			buildConfigurations = (
				7978415019B4041E001EA360 /* Debug */,
				7978415119B4041E001EA360 /* Release */,
			);
			defaultConfigurationIsVisible = 0;
			defaultConfigurationName = Release;
		};
		7978415219B4041E001EA360 /* Build configuration list for PBXNativeTarget "tips" */ = {
			isa = XCConfigurationList;
			buildConfigurations = (
				7978415319B4041E001EA360 /* Debug */,
				7978415419B4041E001EA360 /* Release */,
			);
			defaultConfigurationIsVisible = 0;
			defaultConfigurationName = Release;
		};
		7978415519B4041E001EA360 /* Build configuration list for PBXNativeTarget "tipsTests" */ = {
			isa = XCConfigurationList;
			buildConfigurations = (
				7978415619B4041E001EA360 /* Debug */,
				7978415719B4041E001EA360 /* Release */,
			);
			defaultConfigurationIsVisible = 0;
			defaultConfigurationName = Release;
		};
/* End XCConfigurationList section */
	};
	rootObject = 7978412E19B4041E001EA360 /* Project object */;
}
